
Microsoft Visual Studio Solution File, Format Version 12.00
# Visual Studio Version 16
VisualStudioVersion = 16.0.31321.278
MinimumVisualStudioVersion = 10.0.40219.1
Project("{FAE04EC0-301F-11D3-BF4B-00C04F79EFBC}") = "NetWebApi", "NetWebApi.csproj", "{3EC448F7-DAE2-476B-A6FF-52FA68C37818}"
EndProject
Global
	GlobalSection(SolutionConfigurationPlatforms) = preSolution
		Debug|Any CPU = Debug|Any CPU
		Release|Any CPU = Release|Any CPU
	EndGlobalSection
	GlobalSection(ProjectConfigurationPlatforms) = postSolution
		{3EC448F7-DAE2-476B-A6FF-52FA68C37818}.Debug|Any CPU.ActiveCfg = Debug|Any CPU
		{3EC448F7-DAE2-476B-A6FF-52FA68C37818}.Debug|Any CPU.Build.0 = Debug|Any CPU
		{3EC448F7-DAE2-476B-A6FF-52FA68C37818}.Release|Any CPU.ActiveCfg = Release|Any CPU
		{3EC448F7-DAE2-476B-A6FF-52FA68C37818}.Release|Any CPU.Build.0 = Release|Any CPU
	EndGlobalSection
	GlobalSection(SolutionProperties) = preSolution
		HideSolutionNode = FALSE
	EndGlobalSection
	GlobalSection(ExtensibilityGlobals) = postSolution
		SolutionGuid = {1316E731-826A-407D-AE4D-7AD465604894}
	EndGlobalSection
EndGlobal
